// !$*UTF8*$!
{
	archiveVersion = 1;
	classes = {
	};
	objectVersion = 48;
	objects = {

/* Begin PBXBuildFile section */
		B818CB291EFCEDDA0036CBD5 /* AppDelegate.m in Sources */ = {isa = PBXBuildFile; fileRef = B818CB281EFCEDDA0036CBD5 /* AppDelegate.m */; };
		B818CB2C1EFCEDDA0036CBD5 /* ViewController.m in Sources */ = {isa = PBXBuildFile; fileRef = B818CB2B1EFCEDDA0036CBD5 /* ViewController.m */; };
		B818CB2F1EFCEDDA0036CBD5 /* Main.storyboard in Resources */ = {isa = PBXBuildFile; fileRef = B818CB2D1EFCEDDA0036CBD5 /* Main.storyboard */; };
		B818CB311EFCEDDA0036CBD5 /* Assets.xcassets in Resources */ = {isa = PBXBuildFile; fileRef = B818CB301EFCEDDA0036CBD5 /* Assets.xcassets */; };
		B818CB341EFCEDDA0036CBD5 /* LaunchScreen.storyboard in Resources */ = {isa = PBXBuildFile; fileRef = B818CB321EFCEDDA0036CBD5 /* LaunchScreen.storyboard */; };
		B818CB371EFCEDDA0036CBD5 /* main.m in Sources */ = {isa = PBXBuildFile; fileRef = B818CB361EFCEDDA0036CBD5 /* main.m */; };
		B8BC2FC61F0CED8D000336F0 /* ViewController1.m in Sources */ = {isa = PBXBuildFile; fileRef = B8BC2FC51F0CED8D000336F0 /* ViewController1.m */; };
		B8BC2FC91F0CEE41000336F0 /* CFSlideOperationViewCell.m in Sources */ = {isa = PBXBuildFile; fileRef = B8BC2FC81F0CEE40000336F0 /* CFSlideOperationViewCell.m */; };
		B8C6DBA01F0BAF6100C504BA /* CFBaseTableView.m in Sources */ = {isa = PBXBuildFile; fileRef = B8C6DB9F1F0BAF6100C504BA /* CFBaseTableView.m */; };
		B8C6DBA31F0BAFA100C504BA /* CFBaseTableViewController.m in Sources */ = {isa = PBXBuildFile; fileRef = B8C6DBA21F0BAFA100C504BA /* CFBaseTableViewController.m */; };
		B8C6DBA61F0BAFFD00C504BA /* CFBaseTableViewCell.m in Sources */ = {isa = PBXBuildFile; fileRef = B8C6DBA51F0BAFFD00C504BA /* CFBaseTableViewCell.m */; };
		B8C6DBA91F0C98A900C504BA /* CFBaseTableHeaderFooterview.m in Sources */ = {isa = PBXBuildFile; fileRef = B8C6DBA81F0C98A900C504BA /* CFBaseTableHeaderFooterview.m */; };
/* End PBXBuildFile section */

/* Begin PBXFileReference section */
		B818CB241EFCEDD90036CBD5 /* CFCustomTableView.app */ = {isa = PBXFileReference; explicitFileType = wrapper.application; includeInIndex = 0; path = CFCustomTableView.app; sourceTree = BUILT_PRODUCTS_DIR; };
		B818CB271EFCEDD90036CBD5 /* AppDelegate.h */ = {isa = PBXFileReference; lastKnownFileType = sourcecode.c.h; path = AppDelegate.h; sourceTree = "<group>"; };
		B818CB281EFCEDDA0036CBD5 /* AppDelegate.m */ = {isa = PBXFileReference; lastKnownFileType = sourcecode.c.objc; path = AppDelegate.m; sourceTree = "<group>"; };
		B818CB2A1EFCEDDA0036CBD5 /* ViewController.h */ = {isa = PBXFileReference; lastKnownFileType = sourcecode.c.h; path = ViewController.h; sourceTree = "<group>"; };
		B818CB2B1EFCEDDA0036CBD5 /* ViewController.m */ = {isa = PBXFileReference; lastKnownFileType = sourcecode.c.objc; path = ViewController.m; sourceTree = "<group>"; };
		B818CB2E1EFCEDDA0036CBD5 /* Base */ = {isa = PBXFileReference; lastKnownFileType = file.storyboard; name = Base; path = Base.lproj/Main.storyboard; sourceTree = "<group>"; };
		B818CB301EFCEDDA0036CBD5 /* Assets.xcassets */ = {isa = PBXFileReference; lastKnownFileType = folder.assetcatalog; path = Assets.xcassets; sourceTree = "<group>"; };
		B818CB331EFCEDDA0036CBD5 /* Base */ = {isa = PBXFileReference; lastKnownFileType = file.storyboard; name = Base; path = Base.lproj/LaunchScreen.storyboard; sourceTree = "<group>"; };
		B818CB351EFCEDDA0036CBD5 /* Info.plist */ = {isa = PBXFileReference; lastKnownFileType = text.plist.xml; path = Info.plist; sourceTree = "<group>"; };
		B818CB361EFCEDDA0036CBD5 /* main.m */ = {isa = PBXFileReference; lastKnownFileType = sourcecode.c.objc; path = main.m; sourceTree = "<group>"; };
		B8BC2FC41F0CED8D000336F0 /* ViewController1.h */ = {isa = PBXFileReference; lastKnownFileType = sourcecode.c.h; path = ViewController1.h; sourceTree = "<group>"; };
		B8BC2FC51F0CED8D000336F0 /* ViewController1.m */ = {isa = PBXFileReference; lastKnownFileType = sourcecode.c.objc; path = ViewController1.m; sourceTree = "<group>"; };
		B8BC2FC71F0CEE40000336F0 /* CFSlideOperationViewCell.h */ = {isa = PBXFileReference; lastKnownFileType = sourcecode.c.h; path = CFSlideOperationViewCell.h; sourceTree = "<group>"; };
		B8BC2FC81F0CEE40000336F0 /* CFSlideOperationViewCell.m */ = {isa = PBXFileReference; lastKnownFileType = sourcecode.c.objc; path = CFSlideOperationViewCell.m; sourceTree = "<group>"; };
		B8C6DB9E1F0BAF6100C504BA /* CFBaseTableView.h */ = {isa = PBXFileReference; lastKnownFileType = sourcecode.c.h; path = CFBaseTableView.h; sourceTree = "<group>"; };
		B8C6DB9F1F0BAF6100C504BA /* CFBaseTableView.m */ = {isa = PBXFileReference; lastKnownFileType = sourcecode.c.objc; path = CFBaseTableView.m; sourceTree = "<group>"; };
		B8C6DBA11F0BAFA100C504BA /* CFBaseTableViewController.h */ = {isa = PBXFileReference; lastKnownFileType = sourcecode.c.h; path = CFBaseTableViewController.h; sourceTree = "<group>"; };
		B8C6DBA21F0BAFA100C504BA /* CFBaseTableViewController.m */ = {isa = PBXFileReference; lastKnownFileType = sourcecode.c.objc; path = CFBaseTableViewController.m; sourceTree = "<group>"; };
		B8C6DBA41F0BAFFD00C504BA /* CFBaseTableViewCell.h */ = {isa = PBXFileReference; lastKnownFileType = sourcecode.c.h; path = CFBaseTableViewCell.h; sourceTree = "<group>"; };
		B8C6DBA51F0BAFFD00C504BA /* CFBaseTableViewCell.m */ = {isa = PBXFileReference; lastKnownFileType = sourcecode.c.objc; path = CFBaseTableViewCell.m; sourceTree = "<group>"; };
		B8C6DBA71F0C98A900C504BA /* CFBaseTableHeaderFooterview.h */ = {isa = PBXFileReference; lastKnownFileType = sourcecode.c.h; path = CFBaseTableHeaderFooterview.h; sourceTree = "<group>"; };
		B8C6DBA81F0C98A900C504BA /* CFBaseTableHeaderFooterview.m */ = {isa = PBXFileReference; lastKnownFileType = sourcecode.c.objc; path = CFBaseTableHeaderFooterview.m; sourceTree = "<group>"; };
/* End PBXFileReference section */

/* Begin PBXFrameworksBuildPhase section */
		B818CB211EFCEDD90036CBD5 /* Frameworks */ = {
			isa = PBXFrameworksBuildPhase;
			buildActionMask = 2147483647;
			files = (
			);
			runOnlyForDeploymentPostprocessing = 0;
		};
/* End PBXFrameworksBuildPhase section */

/* Begin PBXGroup section */
		B818CB1B1EFCEDD90036CBD5 = {
			isa = PBXGroup;
			children = (
				B818CB261EFCEDD90036CBD5 /* CFCustomTableView */,
				B818CB251EFCEDD90036CBD5 /* Products */,
			);
			sourceTree = "<group>";
		};
		B818CB251EFCEDD90036CBD5 /* Products */ = {
			isa = PBXGroup;
			children = (
				B818CB241EFCEDD90036CBD5 /* CFCustomTableView.app */,
			);
			name = Products;
			sourceTree = "<group>";
		};
		B818CB261EFCEDD90036CBD5 /* CFCustomTableView */ = {
			isa = PBXGroup;
			children = (
				B818CB271EFCEDD90036CBD5 /* AppDelegate.h */,
				B818CB281EFCEDDA0036CBD5 /* AppDelegate.m */,
				B818CB2A1EFCEDDA0036CBD5 /* ViewController.h */,
				B818CB2B1EFCEDDA0036CBD5 /* ViewController.m */,
				B8C6DB9E1F0BAF6100C504BA /* CFBaseTableView.h */,
				B8C6DB9F1F0BAF6100C504BA /* CFBaseTableView.m */,
				B8C6DBA11F0BAFA100C504BA /* CFBaseTableViewController.h */,
				B8C6DBA21F0BAFA100C504BA /* CFBaseTableViewController.m */,
				B8C6DBA41F0BAFFD00C504BA /* CFBaseTableViewCell.h */,
				B8C6DBA51F0BAFFD00C504BA /* CFBaseTableViewCell.m */,
				B8BC2FC71F0CEE40000336F0 /* CFSlideOperationViewCell.h */,
				B8BC2FC81F0CEE40000336F0 /* CFSlideOperationViewCell.m */,
				B8C6DBA71F0C98A900C504BA /* CFBaseTableHeaderFooterview.h */,
				B8C6DBA81F0C98A900C504BA /* CFBaseTableHeaderFooterview.m */,
				B818CB2D1EFCEDDA0036CBD5 /* Main.storyboard */,
				B8BC2FC41F0CED8D000336F0 /* ViewController1.h */,
				B8BC2FC51F0CED8D000336F0 /* ViewController1.m */,
				B818CB301EFCEDDA0036CBD5 /* Assets.xcassets */,
				B818CB321EFCEDDA0036CBD5 /* LaunchScreen.storyboard */,
				B818CB351EFCEDDA0036CBD5 /* Info.plist */,
				B818CB361EFCEDDA0036CBD5 /* main.m */,
			);
			path = CFCustomTableView;
			sourceTree = "<group>";
		};
/* End PBXGroup section */

/* Begin PBXNativeTarget section */
		B818CB231EFCEDD90036CBD5 /* CFCustomTableView */ = {
			isa = PBXNativeTarget;
			buildConfigurationList = B818CB3A1EFCEDDA0036CBD5 /* Build configuration list for PBXNativeTarget "CFCustomTableView" */;
			buildPhases = (
				B818CB201EFCEDD90036CBD5 /* Sources */,
				B818CB211EFCEDD90036CBD5 /* Frameworks */,
				B818CB221EFCEDD90036CBD5 /* Resources */,
			);
			buildRules = (
			);
			dependencies = (
			);
			name = CFCustomTableView;
			productName = CFCustomTableView;
			productReference = B818CB241EFCEDD90036CBD5 /* CFCustomTableView.app */;
			productType = "com.apple.product-type.application";
		};
/* End PBXNativeTarget section */

/* Begin PBXProject section */
		B818CB1C1EFCEDD90036CBD5 /* Project object */ = {
			isa = PBXProject;
			attributes = {
				LastUpgradeCheck = 0900;
				ORGANIZATIONNAME = CooFree;
				TargetAttributes = {
					B818CB231EFCEDD90036CBD5 = {
						CreatedOnToolsVersion = 9.0;
					};
				};
			};
			buildConfigurationList = B818CB1F1EFCEDD90036CBD5 /* Build configuration list for PBXProject "CFCustomTableView" */;
			compatibilityVersion = "Xcode 8.0";
			developmentRegion = en;
			hasScannedForEncodings = 0;
			knownRegions = (
				en,
				Base,
			);
			mainGroup = B818CB1B1EFCEDD90036CBD5;
			productRefGroup = B818CB251EFCEDD90036CBD5 /* Products */;
			projectDirPath = "";
			projectRoot = "";
			targets = (
				B818CB231EFCEDD90036CBD5 /* CFCustomTableView */,
			);
		};
/* End PBXProject section */

/* Begin PBXResourcesBuildPhase section */
		B818CB221EFCEDD90036CBD5 /* Resources */ = {
			isa = PBXResourcesBuildPhase;
			buildActionMask = 2147483647;
			files = (
				B818CB341EFCEDDA0036CBD5 /* LaunchScreen.storyboard in Resources */,
				B818CB311EFCEDDA0036CBD5 /* Assets.xcassets in Resources */,
				B818CB2F1EFCEDDA0036CBD5 /* Main.storyboard in Resources */,
			);
			runOnlyForDeploymentPostprocessing = 0;
		};
/* End PBXResourcesBuildPhase section */

/* Begin PBXSourcesBuildPhase section */
		B818CB201EFCEDD90036CBD5 /* Sources */ = {
			isa = PBXSourcesBuildPhase;
			buildActionMask = 2147483647;
			files = (
				B818CB2C1EFCEDDA0036CBD5 /* ViewController.m in Sources */,
				B818CB371EFCEDDA0036CBD5 /* main.m in Sources */,
				B8C6DBA31F0BAFA100C504BA /* CFBaseTableViewController.m in Sources */,
				B818CB291EFCEDDA0036CBD5 /* AppDelegate.m in Sources */,
				B8BC2FC61F0CED8D000336F0 /* ViewController1.m in Sources */,
				B8C6DBA01F0BAF6100C504BA /* CFBaseTableView.m in Sources */,
				B8C6DBA61F0BAFFD00C504BA /* CFBaseTableViewCell.m in Sources */,
				B8C6DBA91F0C98A900C504BA /* CFBaseTableHeaderFooterview.m in Sources */,
				B8BC2FC91F0CEE41000336F0 /* CFSlideOperationViewCell.m in Sources */,
			);
			runOnlyForDeploymentPostprocessing = 0;
		};
/* End PBXSourcesBuildPhase section */

/* Begin PBXVariantGroup section */
		B818CB2D1EFCEDDA0036CBD5 /* Main.storyboard */ = {
			isa = PBXVariantGroup;
			children = (
				B818CB2E1EFCEDDA0036CBD5 /* Base */,
			);
			name = Main.storyboard;
			sourceTree = "<group>";
		};
		B818CB321EFCEDDA0036CBD5 /* LaunchScreen.storyboard */ = {
			isa = PBXVariantGroup;
			children = (
				B818CB331EFCEDDA0036CBD5 /* Base */,
			);
			name = LaunchScreen.storyboard;
			sourceTree = "<group>";
		};
/* End PBXVariantGroup section */

/* Begin XCBuildConfiguration section */
		B818CB381EFCEDDA0036CBD5 /* Debug */ = {
			isa = XCBuildConfiguration;
			buildSettings = {
				ALWAYS_SEARCH_USER_PATHS = NO;
				CLANG_ANALYZER_NONNULL = YES;
				CLANG_ANALYZER_NUMBER_OBJECT_CONVERSION = YES_AGGRESSIVE;
				CLANG_CXX_LANGUAGE_STANDARD = "gnu++14";
				CLANG_CXX_LIBRARY = "libc++";
				CLANG_ENABLE_MODULES = YES;
				CLANG_ENABLE_OBJC_ARC = YES;
				CLANG_WARN_BLOCK_CAPTURE_AUTORELEASING = YES;
				CLANG_WARN_BOOL_CONVERSION = YES;
				CLANG_WARN_COMMA = YES;
				CLANG_WARN_CONSTANT_CONVERSION = YES;
				CLANG_WARN_DIRECT_OBJC_ISA_USAGE = YES_ERROR;
				CLANG_WARN_DOCUMENTATION_COMMENTS = YES;
				CLANG_WARN_EMPTY_BODY = YES;
				CLANG_WARN_ENUM_CONVERSION = YES;
				CLANG_WARN_INFINITE_RECURSION = YES;
				CLANG_WARN_INT_CONVERSION = YES;
				CLANG_WARN_OBJC_ROOT_CLASS = YES_ERROR;
				CLANG_WARN_RANGE_LOOP_ANALYSIS = YES;
				CLANG_WARN_STRICT_PROTOTYPES = YES;
				CLANG_WARN_SUSPICIOUS_MOVE = YES;
				CLANG_WARN_UNGUARDED_AVAILABILITY = YES_AGGRESSIVE;
				CLANG_WARN_UNREACHABLE_CODE = YES;
				CLANG_WARN__DUPLICATE_METHOD_MATCH = YES;
				CODE_SIGN_IDENTITY = "iPhone Developer";
				COPY_PHASE_STRIP = NO;
				DEBUG_INFORMATION_FORMAT = dwarf;
				ENABLE_STRICT_OBJC_MSGSEND = YES;
				ENABLE_TESTABILITY = YES;
				GCC_C_LANGUAGE_STANDARD = gnu11;
				GCC_DYNAMIC_NO_PIC = NO;
				GCC_NO_COMMON_BLOCKS = YES;
				GCC_OPTIMIZATION_LEVEL = 0;
				GCC_PREPROCESSOR_DEFINITIONS = (
					"DEBUG=1",
					"$(inherited)",
				);
				GCC_WARN_64_TO_32_BIT_CONVERSION = YES;
				GCC_WARN_ABOUT_RETURN_TYPE = YES_ERROR;
				GCC_WARN_UNDECLARED_SELECTOR = YES;
				GCC_WARN_UNINITIALIZED_AUTOS = YES_AGGRESSIVE;
				GCC_WARN_UNUSED_FUNCTION = YES;
				GCC_WARN_UNUSED_VARIABLE = YES;
				IPHONEOS_DEPLOYMENT_TARGET = 11.0;
				MTL_ENABLE_DEBUG_INFO = YES;
				ONLY_ACTIVE_ARCH = YES;
				SDKROOT = iphoneos;
			};
			name = Debug;
		};
		B818CB391EFCEDDA0036CBD5 /* Release */ = {
			isa = XCBuildConfiguration;
			buildSettings = {
				ALWAYS_SEARCH_USER_PATHS = NO;
				CLANG_ANALYZER_NONNULL = YES;
				CLANG_ANALYZER_NUMBER_OBJECT_CONVERSION = YES_AGGRESSIVE;
				CLANG_CXX_LANGUAGE_STANDARD = "gnu++14";
				CLANG_CXX_LIBRARY = "libc++";
				CLANG_ENABLE_MODULES = YES;
				CLANG_ENABLE_OBJC_ARC = YES;
				CLANG_WARN_BLOCK_CAPTURE_AUTORELEASING = YES;
				CLANG_WARN_BOOL_CONVERSION = YES;
				CLANG_WARN_COMMA = YES;
				CLANG_WARN_CONSTANT_CONVERSION = YES;
				CLANG_WARN_DIRECT_OBJC_ISA_USAGE = YES_ERROR;
				CLANG_WARN_DOCUMENTATION_COMMENTS = YES;
				CLANG_WARN_EMPTY_BODY = YES;
				CLANG_WARN_ENUM_CONVERSION = YES;
				CLANG_WARN_INFINITE_RECURSION = YES;
				CLANG_WARN_INT_CONVERSION = YES;
				CLANG_WARN_OBJC_ROOT_CLASS = YES_ERROR;
				CLANG_WARN_RANGE_LOOP_ANALYSIS = YES;
				CLANG_WARN_STRICT_PROTOTYPES = YES;
				CLANG_WARN_SUSPICIOUS_MOVE = YES;
				CLANG_WARN_UNGUARDED_AVAILABILITY = YES_AGGRESSIVE;
				CLANG_WARN_UNREACHABLE_CODE = YES;
				CLANG_WARN__DUPLICATE_METHOD_MATCH = YES;
				CODE_SIGN_IDENTITY = "iPhone Developer";
				COPY_PHASE_STRIP = NO;
				DEBUG_INFORMATION_FORMAT = "dwarf-with-dsym";
				ENABLE_NS_ASSERTIONS = NO;
				ENABLE_STRICT_OBJC_MSGSEND = YES;
				GCC_C_LANGUAGE_STANDARD = gnu11;
				GCC_NO_COMMON_BLOCKS = YES;
				GCC_WARN_64_TO_32_BIT_CONVERSION = YES;
				GCC_WARN_ABOUT_RETURN_TYPE = YES_ERROR;
				GCC_WARN_UNDECLARED_SELECTOR = YES;
				GCC_WARN_UNINITIALIZED_AUTOS = YES_AGGRESSIVE;
				GCC_WARN_UNUSED_FUNCTION = YES;
				GCC_WARN_UNUSED_VARIABLE = YES;
				IPHONEOS_DEPLOYMENT_TARGET = 11.0;
				MTL_ENABLE_DEBUG_INFO = NO;
				SDKROOT = iphoneos;
				VALIDATE_PRODUCT = YES;
			};
			name = Release;
		};
		B818CB3B1EFCEDDA0036CBD5 /* Debug */ = {
			isa = XCBuildConfiguration;
			buildSettings = {
				ASSETCATALOG_COMPILER_APPICON_NAME = AppIcon;
				INFOPLIST_FILE = CFCustomTableView/Info.plist;
				LD_RUNPATH_SEARCH_PATHS = "$(inherited) @executable_path/Frameworks";
				PRODUCT_BUNDLE_IDENTIFIER = YSSJ.YunShangShiJi.CFCustomTableView;
				PRODUCT_NAME = "$(TARGET_NAME)";
				TARGETED_DEVICE_FAMILY = "1,2";
			};
			name = Debug;
		};
		B818CB3C1EFCEDDA0036CBD5 /* Release */ = {
			isa = XCBuildConfiguration;
			buildSettings = {
				ASSETCATALOG_COMPILER_APPICON_NAME = AppIcon;
				INFOPLIST_FILE = CFCustomTableView/Info.plist;
				LD_RUNPATH_SEARCH_PATHS = "$(inherited) @executable_path/Frameworks";
				PRODUCT_BUNDLE_IDENTIFIER = YSSJ.YunShangShiJi.CFCustomTableView;
				PRODUCT_NAME = "$(TARGET_NAME)";
				TARGETED_DEVICE_FAMILY = "1,2";
			};
			name = Release;
		};
/* End XCBuildConfiguration section */

/* Begin XCConfigurationList section */
		B818CB1F1EFCEDD90036CBD5 /* Build configuration list for PBXProject "CFCustomTableView" */ = {
			isa = XCConfigurationList;
			buildConfigurations = (
				B818CB381EFCEDDA0036CBD5 /* Debug */,
				B818CB391EFCEDDA0036CBD5 /* Release */,
			);
			defaultConfigurationIsVisible = 0;
			defaultConfigurationName = Release;
		};
		B818CB3A1EFCEDDA0036CBD5 /* Build configuration list for PBXNativeTarget "CFCustomTableView" */ = {
			isa = XCConfigurationList;
			buildConfigurations = (
				B818CB3B1EFCEDDA0036CBD5 /* Debug */,
				B818CB3C1EFCEDDA0036CBD5 /* Release */,
			);
			defaultConfigurationIsVisible = 0;
			defaultConfigurationName = Release;
		};
/* End XCConfigurationList section */
	};
	rootObject = B818CB1C1EFCEDD90036CBD5 /* Project object */;
}
